<?xml version="1.0" encoding="utf-8"?>
<Project ToolsVersion="4.0" xmlns="http://schemas.microsoft.com/developer/msbuild/2003">
  <ItemGroup>
    <Filter Include="ソース ファイル">
      <UniqueIdentifier>{4FC737F1-C7A5-4376-A066-2A32D752A2FF}</UniqueIdentifier>
      <Extensions>cpp;c;cc;cxx;def;odl;idl;hpj;bat;asm;asmx</Extensions>
    </Filter>
    <Filter Include="ヘッダー ファイル">
      <UniqueIdentifier>{93995380-89BD-4b04-88EB-625FBE52EBFB}</UniqueIdentifier>
      <Extensions>h;hh;hpp;hxx;hm;inl;inc;ipp;xsd</Extensions>
    </Filter>
    <Filter Include="リソース ファイル">
      <UniqueIdentifier>{67DA6AB6-F800-4c08-8B7A-83BB121AAD01}</UniqueIdentifier>
      <Extensions>rc;ico;cur;bmp;dlg;rc2;rct;bin;rgs;gif;jpg;jpeg;jpe;resx;tiff;tif;png;wav;mfcribbon-ms</Extensions>
    </Filter>
    <Filter Include="Window">
      <UniqueIdentifier>{3173e557-7a01-4471-94b8-6e88dac0bb84}</UniqueIdentifier>
    </Filter>
    <Filter Include="Device">
      <UniqueIdentifier>{bf7fba66-d4d7-4268-bd14-4779d52e15f2}</UniqueIdentifier>
    </Filter>
    <Filter Include="Queue">
      <UniqueIdentifier>{e7dfa919-8f69-4d79-8692-ae901f91b3f2}</UniqueIdentifier>
    </Filter>
    <Filter Include="List">
      <UniqueIdentifier>{053e88d6-24a2-4fb4-9cc9-25641407e462}</UniqueIdentifier>
    </Filter>
    <Filter Include="Swap">
      <UniqueIdentifier>{914373a6-fe38-40ce-8792-b8735a893061}</UniqueIdentifier>
    </Filter>
    <Filter Include="Render">
      <UniqueIdentifier>{84dcd76a-964a-41ea-b389-412b2327c171}</UniqueIdentifier>
    </Filter>
    <Filter Include="Depth">
      <UniqueIdentifier>{8e767214-b7fd-454d-8463-ce331451a297}</UniqueIdentifier>
    </Filter>
    <Filter Include="Application">
      <UniqueIdentifier>{9cda909f-6375-48ee-b214-972e5eb2685d}</UniqueIdentifier>
    </Filter>
    <Filter Include="Fence">
      <UniqueIdentifier>{81b9aea2-e41b-4740-be5c-92a2f4ab357a}</UniqueIdentifier>
    </Filter>
    <Filter Include="DescriptorMane">
      <UniqueIdentifier>{263d57dc-35d2-47e9-aff6-86408e88c0b9}</UniqueIdentifier>
    </Filter>
    <Filter Include="Sound">
      <UniqueIdentifier>{914ba2d1-3083-47ff-a73f-6ba56594247e}</UniqueIdentifier>
    </Filter>
    <Filter Include="Sound\SoundFunc">
      <UniqueIdentifier>{daf4b98a-02b5-4309-9e19-31148b788c14}</UniqueIdentifier>
    </Filter>
    <Filter Include="Sound\SoundLoader">
      <UniqueIdentifier>{85e8eded-c12e-41a4-9423-495b4ac24f4e}</UniqueIdentifier>
    </Filter>
    <Filter Include="Sound\XAudio2">
      <UniqueIdentifier>{80a12ff6-a3d4-47ab-960a-eceab81fcb3f}</UniqueIdentifier>
    </Filter>
    <Filter Include="Texture">
      <UniqueIdentifier>{f4091be0-dc9c-4649-80fe-f87ee853cd77}</UniqueIdentifier>
    </Filter>
    <Filter Include="Texture\TextureLoader">
      <UniqueIdentifier>{6d04a63b-b463-4c27-8d09-eaae48015299}</UniqueIdentifier>
    </Filter>
    <Filter Include="Texture\WIC">
      <UniqueIdentifier>{ae404468-044e-451c-9e4a-f5aa3b94cb6c}</UniqueIdentifier>
    </Filter>
    <Filter Include="Input">
      <UniqueIdentifier>{db2bae09-4b9b-41c0-9a0d-d4c5fc0fbe6c}</UniqueIdentifier>
    </Filter>
    <Filter Include="etc">
      <UniqueIdentifier>{aab56360-2d3a-4355-8ca4-2039ea0065d0}</UniqueIdentifier>
    </Filter>
    <Filter Include="etc\Func">
      <UniqueIdentifier>{9f0d014a-627a-4a6e-bded-339e3189497f}</UniqueIdentifier>
    </Filter>
    <Filter Include="Window\Icon">
      <UniqueIdentifier>{824e9ca4-5b4a-4698-86a2-9c1f0d03ef9b}</UniqueIdentifier>
    </Filter>
    <Filter Include="Primitive">
      <UniqueIdentifier>{c837129e-0f75-4aa2-b0a7-c3b86abd76a8}</UniqueIdentifier>
    </Filter>
    <Filter Include="Primitive\Point">
      <UniqueIdentifier>{4439a1ee-4023-468e-ac71-89d412bf99d5}</UniqueIdentifier>
    </Filter>
    <Filter Include="Primitive\Line">
      <UniqueIdentifier>{ad0862c4-6b79-4fc6-a437-e2ffff41a9f8}</UniqueIdentifier>
    </Filter>
    <Filter Include="Primitive\Triangle">
      <UniqueIdentifier>{d23c321d-6df4-4752-8044-f2a8e7615b3e}</UniqueIdentifier>
    </Filter>
    <Filter Include="Pipe">
      <UniqueIdentifier>{00eb6236-013e-4e28-8db2-de856ecad639}</UniqueIdentifier>
    </Filter>
    <Filter Include="Pipe\PipeMane">
      <UniqueIdentifier>{2d96ac50-9a82-4d71-a21c-7955fed762c7}</UniqueIdentifier>
    </Filter>
    <Filter Include="Union">
      <UniqueIdentifier>{cf83fe37-b718-4621-a618-94f3bab8a450}</UniqueIdentifier>
    </Filter>
    <Filter Include="Effector">
      <UniqueIdentifier>{b31f9d28-2a04-4c89-8da2-2448cf7c23a7}</UniqueIdentifier>
    </Filter>
    <Filter Include="PMD">
      <UniqueIdentifier>{8e8d2549-f67b-459d-9176-b6bd6ab531d5}</UniqueIdentifier>
    </Filter>
    <Filter Include="PMD\PmdLoader">
      <UniqueIdentifier>{c0b73084-c268-48ac-8b7a-862d2be75019}</UniqueIdentifier>
    </Filter>
    <Filter Include="Root">
      <UniqueIdentifier>{c165eb0c-f74f-43b6-9de4-114be494d7a5}</UniqueIdentifier>
    </Filter>
    <Filter Include="Root\RootMane">
      <UniqueIdentifier>{d8365ee0-a7aa-4637-a1f5-b7e060e77fd8}</UniqueIdentifier>
    </Filter>
  </ItemGroup>
  <ItemGroup>
    <ClCompile Include="Main.cpp">
      <Filter>ソース ファイル</Filter>
    </ClCompile>
    <ClCompile Include="Window\Window.cpp">
      <Filter>Window</Filter>
    </ClCompile>
    <ClCompile Include="Device\Device.cpp">
      <Filter>Device</Filter>
    </ClCompile>
    <ClCompile Include="Queue\Queue.cpp">
      <Filter>Queue</Filter>
    </ClCompile>
    <ClCompile Include="List\List.cpp">
      <Filter>List</Filter>
    </ClCompile>
    <ClCompile Include="Swap\Swap.cpp">
      <Filter>Swap</Filter>
    </ClCompile>
    <ClCompile Include="Render\Render.cpp">
      <Filter>Render</Filter>
    </ClCompile>
    <ClCompile Include="Depth\Depth.cpp">
      <Filter>Depth</Filter>
    </ClCompile>
    <ClCompile Include="Application\Application.cpp">
      <Filter>Application</Filter>
    </ClCompile>
    <ClCompile Include="Fence\Fence.cpp">
      <Filter>Fence</Filter>
    </ClCompile>
    <ClCompile Include="DescriptorMane\DescriptorMane.cpp">
      <Filter>DescriptorMane</Filter>
    </ClCompile>
    <ClCompile Include="Sound\Sound.cpp">
      <Filter>Sound</Filter>
    </ClCompile>
    <ClCompile Include="Sound\SoundFunc\SoundFunc.cpp">
      <Filter>Sound\SoundFunc</Filter>
    </ClCompile>
    <ClCompile Include="Sound\SoundLoader\SoundLoader.cpp">
      <Filter>Sound\SoundLoader</Filter>
    </ClCompile>
    <ClCompile Include="Sound\XAudio2\XAudio2.cpp">
      <Filter>Sound\XAudio2</Filter>
    </ClCompile>
    <ClCompile Include="Texture\Texture.cpp">
      <Filter>Texture</Filter>
    </ClCompile>
    <ClCompile Include="Texture\TextureLoader.cpp">
      <Filter>Texture\TextureLoader</Filter>
    </ClCompile>
    <ClCompile Include="Texture\WICTextureLoader12.cpp">
      <Filter>Texture\WIC</Filter>
    </ClCompile>
    <ClCompile Include="Input\Input.cpp">
      <Filter>Input</Filter>
    </ClCompile>
    <ClCompile Include="etc\Func.cpp">
      <Filter>etc\Func</Filter>
    </ClCompile>
    <ClCompile Include="Primitive\Primitive.cpp">
      <Filter>Primitive</Filter>
    </ClCompile>
    <ClCompile Include="Primitive\Point.cpp">
      <Filter>Primitive\Point</Filter>
    </ClCompile>
    <ClCompile Include="Primitive\Line.cpp">
      <Filter>Primitive\Line</Filter>
    </ClCompile>
    <ClCompile Include="Primitive\Triangle.cpp">
      <Filter>Primitive\Triangle</Filter>
    </ClCompile>
    <ClCompile Include="Root\Root.cpp">
      <Filter>Root</Filter>
    </ClCompile>
    <ClCompile Include="Root\RootMane.cpp">
      <Filter>Root\RootMane</Filter>
    </ClCompile>
    <ClCompile Include="Pipe\Pipe.cpp">
      <Filter>Pipe</Filter>
    </ClCompile>
    <ClCompile Include="Pipe\PipeMane.cpp">
      <Filter>Pipe\PipeMane</Filter>
    </ClCompile>
    <ClCompile Include="Union\Union.cpp">
      <Filter>Union</Filter>
    </ClCompile>
    <ClCompile Include="Effector\Effector.cpp">
      <Filter>Effector</Filter>
    </ClCompile>
    <ClCompile Include="Pmd\Pmd.cpp">
      <Filter>PMD</Filter>
    </ClCompile>
    <ClCompile Include="Pmd\PmdLoader.cpp">
      <Filter>PMD\PmdLoader</Filter>
    </ClCompile>
  </ItemGroup>
  <ItemGroup>
    <ClInclude Include="Window\Window.h">
      <Filter>Window</Filter>
    </ClInclude>
    <ClInclude Include="Device\Device.h">
      <Filter>Device</Filter>
    </ClInclude>
    <ClInclude Include="Queue\Queue.h">
      <Filter>Queue</Filter>
    </ClInclude>
    <ClInclude Include="List\List.h">
      <Filter>List</Filter>
    </ClInclude>
    <ClInclude Include="Swap\Swap.h">
      <Filter>Swap</Filter>
    </ClInclude>
    <ClInclude Include="Render\Render.h">
      <Filter>Render</Filter>
    </ClInclude>
    <ClInclude Include="Depth\Depth.h">
      <Filter>Depth</Filter>
    </ClInclude>
    <ClInclude Include="Application\Application.h">
      <Filter>Application</Filter>
    </ClInclude>
    <ClInclude Include="Fence\Fence.h">
      <Filter>Fence</Filter>
    </ClInclude>
    <ClInclude Include="DescriptorMane\DescriptorMane.h">
      <Filter>DescriptorMane</Filter>
    </ClInclude>
    <ClInclude Include="Sound\Sound.h">
      <Filter>Sound</Filter>
    </ClInclude>
    <ClInclude Include="Sound\SoundFunc\SoundFunc.h">
      <Filter>Sound\SoundFunc</Filter>
    </ClInclude>
    <ClInclude Include="Sound\SoundLoader\SoundLoader.h">
      <Filter>Sound\SoundLoader</Filter>
    </ClInclude>
    <ClInclude Include="Sound\XAudio2\XAudio2.h">
      <Filter>Sound\XAudio2</Filter>
    </ClInclude>
    <ClInclude Include="Sound\XAudio2\VoiceCallback.h">
      <Filter>Sound\XAudio2</Filter>
    </ClInclude>
    <ClInclude Include="Texture\Texture.h">
      <Filter>Texture</Filter>
    </ClInclude>
    <ClInclude Include="Texture\TextureLoader.h">
      <Filter>Texture\TextureLoader</Filter>
    </ClInclude>
    <ClInclude Include="Texture\WICTextureLoader12.h">
      <Filter>Texture\WIC</Filter>
    </ClInclude>
    <ClInclude Include="Input\Input.h">
      <Filter>Input</Filter>
    </ClInclude>
    <ClInclude Include="etc\KeyData.h">
      <Filter>Input</Filter>
    </ClInclude>
    <ClInclude Include="etc\Func.h">
      <Filter>etc\Func</Filter>
    </ClInclude>
    <ClInclude Include="etc\tString.h">
      <Filter>etc</Filter>
    </ClInclude>
    <ClInclude Include="Sound\Destroy.h">
      <Filter>Sound</Filter>
    </ClInclude>
    <ClInclude Include="etc\Release.h">
      <Filter>etc</Filter>
    </ClInclude>
    <ClInclude Include="Window\Icon.h">
      <Filter>Window\Icon</Filter>
    </ClInclude>
    <ClInclude Include="Primitive\Primitive.h">
      <Filter>Primitive</Filter>
    </ClInclude>
    <ClInclude Include="Primitive\Point.h">
      <Filter>Primitive\Point</Filter>
    </ClInclude>
    <ClInclude Include="Primitive\Line.h">
      <Filter>Primitive\Line</Filter>
    </ClInclude>
    <ClInclude Include="Primitive\Triangle.h">
      <Filter>Primitive\Triangle</Filter>
    </ClInclude>
    <ClInclude Include="Root\Root.h">
      <Filter>Root</Filter>
    </ClInclude>
    <ClInclude Include="Root\RootMane.h">
      <Filter>Root\RootMane</Filter>
    </ClInclude>
    <ClInclude Include="Pipe\Pipe.h">
      <Filter>Pipe</Filter>
    </ClInclude>
    <ClInclude Include="Pipe\PipeMane.h">
      <Filter>Pipe\PipeMane</Filter>
    </ClInclude>
    <ClInclude Include="Union\Union.h">
      <Filter>Union</Filter>
    </ClInclude>
    <ClInclude Include="Effector\Effector.h">
      <Filter>Effector</Filter>
    </ClInclude>
    <ClInclude Include="Pmd\Pmd.h">
      <Filter>PMD</Filter>
    </ClInclude>
    <ClInclude Include="Pmd\PmdData.h">
      <Filter>PMD</Filter>
    </ClInclude>
    <ClInclude Include="Pmd\PmdLoader.h">
      <Filter>PMD\PmdLoader</Filter>
    </ClInclude>
  </ItemGroup>
  <ItemGroup>
    <ResourceCompile Include="Window\Icon.rc">
      <Filter>Window\Icon</Filter>
    </ResourceCompile>
  </ItemGroup>
  <ItemGroup>
    <FxCompile Include="Shader\Primitive.hlsl">
      <Filter>リソース ファイル</Filter>
    </FxCompile>
    <FxCompile Include="Shader\Texture.hlsl">
      <Filter>リソース ファイル</Filter>
    </FxCompile>
    <FxCompile Include="Shader\Effect.hlsl">
      <Filter>リソース ファイル</Filter>
    </FxCompile>
  </ItemGroup>
</Project>