<?xml version="1.0" encoding="utf-8"?>
<Project ToolsVersion="4.0" xmlns="http://schemas.microsoft.com/developer/msbuild/2003">
  <ItemGroup>
    <Filter Include="ソース ファイル">
      <UniqueIdentifier>{4FC737F1-C7A5-4376-A066-2A32D752A2FF}</UniqueIdentifier>
      <Extensions>cpp;c;cc;cxx;def;odl;idl;hpj;bat;asm;asmx</Extensions>
    </Filter>
    <Filter Include="ヘッダー ファイル">
      <UniqueIdentifier>{93995380-89BD-4b04-88EB-625FBE52EBFB}</UniqueIdentifier>
      <Extensions>h;hh;hpp;hxx;hm;inl;inc;ipp;xsd</Extensions>
    </Filter>
    <Filter Include="リソース ファイル">
      <UniqueIdentifier>{67DA6AB6-F800-4c08-8B7A-83BB121AAD01}</UniqueIdentifier>
      <Extensions>rc;ico;cur;bmp;dlg;rc2;rct;bin;rgs;gif;jpg;jpeg;jpe;resx;tiff;tif;png;wav;mfcribbon-ms</Extensions>
    </Filter>
    <Filter Include="Library">
      <UniqueIdentifier>{f79d5e31-9c91-43e1-ab88-07e11b9f4587}</UniqueIdentifier>
    </Filter>
    <Filter Include="Library\Helper">
      <UniqueIdentifier>{15c4e08e-035a-4cd0-899a-bf3fd482f6e8}</UniqueIdentifier>
    </Filter>
    <Filter Include="Library\Application">
      <UniqueIdentifier>{9be3abb0-30c8-4959-9e82-0245c858958a}</UniqueIdentifier>
    </Filter>
    <Filter Include="Library\Command">
      <UniqueIdentifier>{cc6cc8d7-d1eb-4ec8-8643-537abd423c56}</UniqueIdentifier>
    </Filter>
    <Filter Include="Library\Command\Queue">
      <UniqueIdentifier>{43fc5f49-4804-4bee-abbd-76c0344ca405}</UniqueIdentifier>
    </Filter>
    <Filter Include="Library\Command\List">
      <UniqueIdentifier>{15faf1e2-c7c7-4849-a7ac-ad8605da1cce}</UniqueIdentifier>
    </Filter>
    <Filter Include="Library\Compute">
      <UniqueIdentifier>{61762d00-36d4-41fd-b669-460e24bec05b}</UniqueIdentifier>
    </Filter>
    <Filter Include="Library\Compute\Effecter">
      <UniqueIdentifier>{ea918c62-dd5d-4e54-8fb5-7ad777177b6e}</UniqueIdentifier>
    </Filter>
    <Filter Include="Library\Depth">
      <UniqueIdentifier>{b813818e-807f-4aa1-8682-22cd21eab8a7}</UniqueIdentifier>
    </Filter>
    <Filter Include="Library\DescriptorMane">
      <UniqueIdentifier>{4c3ad850-320e-41af-8ebd-97573f223634}</UniqueIdentifier>
    </Filter>
    <Filter Include="Library\Device">
      <UniqueIdentifier>{42eb6423-fcc9-43dc-8672-e7d120a44cf9}</UniqueIdentifier>
    </Filter>
    <Filter Include="Library\etc">
      <UniqueIdentifier>{5b239430-25d7-4cf6-9be3-3a52c8369fdd}</UniqueIdentifier>
    </Filter>
    <Filter Include="Library\Fence">
      <UniqueIdentifier>{c5390f0e-7141-4f56-8671-104870e4fb80}</UniqueIdentifier>
    </Filter>
    <Filter Include="Library\Pipe">
      <UniqueIdentifier>{f8b7ddd6-cb3a-43dc-bc77-7a1a22efe7b5}</UniqueIdentifier>
    </Filter>
    <Filter Include="Library\Pipe\Mane">
      <UniqueIdentifier>{9f8feff8-c1df-4256-84b3-1c41c7a37db5}</UniqueIdentifier>
    </Filter>
    <Filter Include="Library\Primitive">
      <UniqueIdentifier>{5e0cd445-69ed-4570-8766-c9b72eda296b}</UniqueIdentifier>
    </Filter>
    <Filter Include="Library\Primitive\Mane">
      <UniqueIdentifier>{f02c2dd6-b5f7-47aa-bf24-eced0de78310}</UniqueIdentifier>
    </Filter>
    <Filter Include="Library\Render">
      <UniqueIdentifier>{c56d231f-3ad1-479b-a45a-74cad408fbc9}</UniqueIdentifier>
    </Filter>
    <Filter Include="Library\Root">
      <UniqueIdentifier>{372cd840-a3aa-4382-92d1-2bc014028a38}</UniqueIdentifier>
    </Filter>
    <Filter Include="Library\Root\Mane">
      <UniqueIdentifier>{1c5e0275-6ca1-474c-a2d9-1d313b84cf0e}</UniqueIdentifier>
    </Filter>
    <Filter Include="Library\Sound">
      <UniqueIdentifier>{5f5ba8d6-5d29-4333-9b9e-bb901838a140}</UniqueIdentifier>
    </Filter>
    <Filter Include="Library\Sound\Xaudio2">
      <UniqueIdentifier>{65537e7d-547c-48fa-adcf-82716fbb408a}</UniqueIdentifier>
    </Filter>
    <Filter Include="Library\Sound\Func">
      <UniqueIdentifier>{2101a5af-9dd8-49ee-bea9-66b2b4a70e7c}</UniqueIdentifier>
    </Filter>
    <Filter Include="Library\Sound\Loader">
      <UniqueIdentifier>{e3ac155e-715b-4b0c-b601-8173080dc4ea}</UniqueIdentifier>
    </Filter>
    <Filter Include="Library\Sound\Filter">
      <UniqueIdentifier>{b716e08c-793f-47cd-a306-5da7eadbb6b8}</UniqueIdentifier>
    </Filter>
    <Filter Include="Library\Swap">
      <UniqueIdentifier>{15910d2b-f3d1-4247-8951-3d5e7d80b30b}</UniqueIdentifier>
    </Filter>
    <Filter Include="Library\Texture">
      <UniqueIdentifier>{b20dda53-f1a3-40fd-b13b-1b4bab52414b}</UniqueIdentifier>
    </Filter>
    <Filter Include="Library\Texture\WIC">
      <UniqueIdentifier>{5adbff74-5011-4226-a1d6-6f5a1eb633d1}</UniqueIdentifier>
    </Filter>
    <Filter Include="Library\Texture\Loader">
      <UniqueIdentifier>{4e3e368b-0e6d-4ddb-afeb-4946f7ea5852}</UniqueIdentifier>
    </Filter>
    <Filter Include="Library\Texture\Mane">
      <UniqueIdentifier>{8535a21c-ebf7-47b2-8c88-b5e4c0f96e55}</UniqueIdentifier>
    </Filter>
    <Filter Include="Library\Window">
      <UniqueIdentifier>{4ac1727e-497a-4901-a5c5-89caaaaa532c}</UniqueIdentifier>
    </Filter>
    <Filter Include="Library\Window\Icon">
      <UniqueIdentifier>{221aa12e-3b2c-42ca-9e6a-7fcd23311ab4}</UniqueIdentifier>
    </Filter>
    <Filter Include="Main">
      <UniqueIdentifier>{d229dcca-4160-4f08-aa6b-e3702bf573f4}</UniqueIdentifier>
    </Filter>
    <Filter Include="Main\Input">
      <UniqueIdentifier>{04a57c4d-cfc0-4e2b-b3a6-bb6161c861de}</UniqueIdentifier>
    </Filter>
    <Filter Include="Library\Compute\DFT">
      <UniqueIdentifier>{a54f2f0b-fcd4-4021-ac62-634fd954a67d}</UniqueIdentifier>
    </Filter>
    <Filter Include="Main\Mixer">
      <UniqueIdentifier>{855f7ed6-c830-40b8-a39c-91aff4522334}</UniqueIdentifier>
    </Filter>
    <Filter Include="Main\Waveform">
      <UniqueIdentifier>{96f8efb3-aba0-4cf4-8bd6-3557edbe87ca}</UniqueIdentifier>
    </Filter>
  </ItemGroup>
  <ItemGroup>
    <ClCompile Include="Main.cpp">
      <Filter>ソース ファイル</Filter>
    </ClCompile>
    <ClCompile Include="Window\Window.cpp">
      <Filter>Library\Window</Filter>
    </ClCompile>
    <ClCompile Include="Application\Application.cpp">
      <Filter>Library\Application</Filter>
    </ClCompile>
    <ClCompile Include="Device\Device.cpp">
      <Filter>Library\Device</Filter>
    </ClCompile>
    <ClCompile Include="Queue\Queue.cpp">
      <Filter>Library\Command\Queue</Filter>
    </ClCompile>
    <ClCompile Include="List\List.cpp">
      <Filter>Library\Command\List</Filter>
    </ClCompile>
    <ClCompile Include="Swap\Swap.cpp">
      <Filter>Library\Swap</Filter>
    </ClCompile>
    <ClCompile Include="DescriptorMane\DescriptorMane.cpp">
      <Filter>Library\DescriptorMane</Filter>
    </ClCompile>
    <ClCompile Include="Fence\Fence.cpp">
      <Filter>Library\Fence</Filter>
    </ClCompile>
    <ClCompile Include="Render\Render.cpp">
      <Filter>Library\Render</Filter>
    </ClCompile>
    <ClCompile Include="Depth\Depth.cpp">
      <Filter>Library\Depth</Filter>
    </ClCompile>
    <ClCompile Include="Pipe\Pipe.cpp">
      <Filter>Library\Pipe</Filter>
    </ClCompile>
    <ClCompile Include="Root\Root.cpp">
      <Filter>Library\Root</Filter>
    </ClCompile>
    <ClCompile Include="Primitive\Primitive.cpp">
      <Filter>Library\Primitive</Filter>
    </ClCompile>
    <ClCompile Include="Texture\WICTextureLoader12.cpp">
      <Filter>Library\Texture\WIC</Filter>
    </ClCompile>
    <ClCompile Include="Pipe\PipeMane.cpp">
      <Filter>Library\Pipe\Mane</Filter>
    </ClCompile>
    <ClCompile Include="Primitive\PrimitiveMane.cpp">
      <Filter>Library\Primitive\Mane</Filter>
    </ClCompile>
    <ClCompile Include="Root\RootMane.cpp">
      <Filter>Library\Root\Mane</Filter>
    </ClCompile>
    <ClCompile Include="Texture\TexLoader.cpp">
      <Filter>Library\Texture\Loader</Filter>
    </ClCompile>
    <ClCompile Include="Helper\Helper.cpp">
      <Filter>Library\Helper</Filter>
    </ClCompile>
    <ClCompile Include="Texture\Texture.cpp">
      <Filter>Library\Texture</Filter>
    </ClCompile>
    <ClCompile Include="Texture\TexMane.cpp">
      <Filter>Library\Texture\Mane</Filter>
    </ClCompile>
    <ClCompile Include="Sound\Xaudio2.cpp">
      <Filter>Library\Sound\Xaudio2</Filter>
    </ClCompile>
    <ClCompile Include="Sound\SndFunc.cpp">
      <Filter>Library\Sound\Func</Filter>
    </ClCompile>
    <ClCompile Include="Sound\SndLoader.cpp">
      <Filter>Library\Sound\Loader</Filter>
    </ClCompile>
    <ClCompile Include="Sound\Filter.cpp">
      <Filter>Library\Sound\Filter</Filter>
    </ClCompile>
    <ClCompile Include="Sound\Sound.cpp">
      <Filter>Library\Sound</Filter>
    </ClCompile>
    <ClCompile Include="Compute\Compute.cpp">
      <Filter>Library\Compute</Filter>
    </ClCompile>
    <ClCompile Include="Compute\Effector.cpp">
      <Filter>Library\Compute\Effecter</Filter>
    </ClCompile>
    <ClCompile Include="Input\Input.cpp">
      <Filter>Main\Input</Filter>
    </ClCompile>
    <ClCompile Include="Compute\Dft.cpp">
      <Filter>Library\Compute\DFT</Filter>
    </ClCompile>
    <ClCompile Include="Mixer\Mixer.cpp">
      <Filter>Main\Mixer</Filter>
    </ClCompile>
    <ClCompile Include="Waveform\Waveform.cpp">
      <Filter>Main\Waveform</Filter>
    </ClCompile>
  </ItemGroup>
  <ItemGroup>
    <ClInclude Include="Window\Window.h">
      <Filter>Library\Window</Filter>
    </ClInclude>
    <ClInclude Include="etc\tstring.h">
      <Filter>Library\etc</Filter>
    </ClInclude>
    <ClInclude Include="Application\Application.h">
      <Filter>Library\Application</Filter>
    </ClInclude>
    <ClInclude Include="Device\Device.h">
      <Filter>Library\Device</Filter>
    </ClInclude>
    <ClInclude Include="etc\Release.h">
      <Filter>Library\etc</Filter>
    </ClInclude>
    <ClInclude Include="Queue\Queue.h">
      <Filter>Library\Command\Queue</Filter>
    </ClInclude>
    <ClInclude Include="List\List.h">
      <Filter>Library\Command\List</Filter>
    </ClInclude>
    <ClInclude Include="Swap\Swap.h">
      <Filter>Library\Swap</Filter>
    </ClInclude>
    <ClInclude Include="DescriptorMane\DescriptorMane.h">
      <Filter>Library\DescriptorMane</Filter>
    </ClInclude>
    <ClInclude Include="Fence\Fence.h">
      <Filter>Library\Fence</Filter>
    </ClInclude>
    <ClInclude Include="Render\Render.h">
      <Filter>Library\Render</Filter>
    </ClInclude>
    <ClInclude Include="Depth\Depth.h">
      <Filter>Library\Depth</Filter>
    </ClInclude>
    <ClInclude Include="Pipe\Pipe.h">
      <Filter>Library\Pipe</Filter>
    </ClInclude>
    <ClInclude Include="Root\Root.h">
      <Filter>Library\Root</Filter>
    </ClInclude>
    <ClInclude Include="Primitive\Primitive.h">
      <Filter>Library\Primitive</Filter>
    </ClInclude>
    <ClInclude Include="Primitive\PrimitiveInfo.h">
      <Filter>Library\Primitive</Filter>
    </ClInclude>
    <ClInclude Include="etc\Vector2.h">
      <Filter>Library\etc</Filter>
    </ClInclude>
    <ClInclude Include="etc\Color.h">
      <Filter>Library\etc</Filter>
    </ClInclude>
    <ClInclude Include="Texture\WICTextureLoader12.h">
      <Filter>Library\Texture\WIC</Filter>
    </ClInclude>
    <ClInclude Include="Pipe\PipeMane.h">
      <Filter>Library\Pipe\Mane</Filter>
    </ClInclude>
    <ClInclude Include="Primitive\PrimitiveMane.h">
      <Filter>Library\Primitive\Mane</Filter>
    </ClInclude>
    <ClInclude Include="Root\RootMane.h">
      <Filter>Library\Root\Mane</Filter>
    </ClInclude>
    <ClInclude Include="Window\Icon.h">
      <Filter>Library\Window\Icon</Filter>
    </ClInclude>
    <ClInclude Include="Texture\Texture.h">
      <Filter>Library\Texture</Filter>
    </ClInclude>
    <ClInclude Include="Texture\TexLoader.h">
      <Filter>Library\Texture\Loader</Filter>
    </ClInclude>
    <ClInclude Include="Texture\TextureInfo.h">
      <Filter>Library\Texture</Filter>
    </ClInclude>
    <ClInclude Include="Helper\Helper.h">
      <Filter>Library\Helper</Filter>
    </ClInclude>
    <ClInclude Include="Texture\TexMane.h">
      <Filter>Library\Texture\Mane</Filter>
    </ClInclude>
    <ClInclude Include="Sound\Sound.h">
      <Filter>Library\Sound</Filter>
    </ClInclude>
    <ClInclude Include="Sound\Xaudio2.h">
      <Filter>Library\Sound\Xaudio2</Filter>
    </ClInclude>
    <ClInclude Include="Sound\SndFunc.h">
      <Filter>Library\Sound\Func</Filter>
    </ClInclude>
    <ClInclude Include="Sound\SndLoader.h">
      <Filter>Library\Sound\Loader</Filter>
    </ClInclude>
    <ClInclude Include="Sound\Filter.h">
      <Filter>Library\Sound\Filter</Filter>
    </ClInclude>
    <ClInclude Include="Sound\VoiceCallback.h">
      <Filter>Library\Sound\Xaudio2</Filter>
    </ClInclude>
    <ClInclude Include="etc\InputInfo.h">
      <Filter>Library\etc</Filter>
    </ClInclude>
    <ClInclude Include="Compute\Compute.h">
      <Filter>Library\Compute</Filter>
    </ClInclude>
    <ClInclude Include="Compute\Effector.h">
      <Filter>Library\Compute\Effecter</Filter>
    </ClInclude>
    <ClInclude Include="Input\Input.h">
      <Filter>Main\Input</Filter>
    </ClInclude>
    <ClInclude Include="Compute\Dft.h">
      <Filter>Library\Compute\DFT</Filter>
    </ClInclude>
    <ClInclude Include="Mixer\Mixer.h">
      <Filter>Main\Mixer</Filter>
    </ClInclude>
    <ClInclude Include="Waveform\Waveform.h">
      <Filter>Main\Waveform</Filter>
    </ClInclude>
  </ItemGroup>
  <ItemGroup>
    <FxCompile Include="Shader\Primitive.hlsl">
      <Filter>リソース ファイル</Filter>
    </FxCompile>
    <FxCompile Include="Shader\Texture.hlsl">
      <Filter>リソース ファイル</Filter>
    </FxCompile>
    <FxCompile Include="Shader\Effector.hlsl">
      <Filter>リソース ファイル</Filter>
    </FxCompile>
    <FxCompile Include="Shader\DFT.hlsl">
      <Filter>リソース ファイル</Filter>
    </FxCompile>
  </ItemGroup>
  <ItemGroup>
    <ResourceCompile Include="Window\Icon.rc">
      <Filter>Library\Window\Icon</Filter>
    </ResourceCompile>
  </ItemGroup>
</Project>